
Microsoft Visual Studio Solution File, Format Version 12.00
# Visual Studio Version 17
VisualStudioVersion = 17.13.35913.81 d17.13
MinimumVisualStudioVersion = 10.0.40219.1
Project("{FAE04EC0-301F-11D3-BF4B-00C04F79EFBC}") = "DALForexAPI", "DALForexAPI.csproj", "{14FC7518-AA77-5720-0A1E-8169CB4DC307}"
EndProject
Global
	GlobalSection(SolutionConfigurationPlatforms) = preSolution
		Debug|Any CPU = Debug|Any CPU
		Release|Any CPU = Release|Any CPU
	EndGlobalSection
	GlobalSection(ProjectConfigurationPlatforms) = postSolution
		{14FC7518-AA77-5720-0A1E-8169CB4DC307}.Debug|Any CPU.ActiveCfg = Debug|Any CPU
		{14FC7518-AA77-5720-0A1E-8169CB4DC307}.Debug|Any CPU.Build.0 = Debug|Any CPU
		{14FC7518-AA77-5720-0A1E-8169CB4DC307}.Release|Any CPU.ActiveCfg = Release|Any CPU
		{14FC7518-AA77-5720-0A1E-8169CB4DC307}.Release|Any CPU.Build.0 = Release|Any CPU
	EndGlobalSection
	GlobalSection(SolutionProperties) = preSolution
		HideSolutionNode = FALSE
	EndGlobalSection
	GlobalSection(ExtensibilityGlobals) = postSolution
		SolutionGuid = {3B3EF2AC-6F52-4527-A49F-E0DBA47B1A48}
	EndGlobalSection
EndGlobal
