
Microsoft Visual Studio Solution File, Format Version 12.00
# Visual Studio Version 17
VisualStudioVersion = 17.13.35913.81 d17.13
MinimumVisualStudioVersion = 10.0.40219.1
Project("{FAE04EC0-301F-11D3-BF4B-00C04F79EFBC}") = "BLForexAPI", "BLForexAPI.csproj", "{4D110FA9-969B-2683-97FE-8421D322A923}"
EndProject
Global
	GlobalSection(SolutionConfigurationPlatforms) = preSolution
		Debug|Any CPU = Debug|Any CPU
		Release|Any CPU = Release|Any CPU
	EndGlobalSection
	GlobalSection(ProjectConfigurationPlatforms) = postSolution
		{4D110FA9-969B-2683-97FE-8421D322A923}.Debug|Any CPU.ActiveCfg = Debug|Any CPU
		{4D110FA9-969B-2683-97FE-8421D322A923}.Debug|Any CPU.Build.0 = Debug|Any CPU
		{4D110FA9-969B-2683-97FE-8421D322A923}.Release|Any CPU.ActiveCfg = Release|Any CPU
		{4D110FA9-969B-2683-97FE-8421D322A923}.Release|Any CPU.Build.0 = Release|Any CPU
	EndGlobalSection
	GlobalSection(SolutionProperties) = preSolution
		HideSolutionNode = FALSE
	EndGlobalSection
	GlobalSection(ExtensibilityGlobals) = postSolution
		SolutionGuid = {672CBCC7-28E1-4336-B7D7-2D66A4FA96CA}
	EndGlobalSection
EndGlobal
