
Microsoft Visual Studio Solution File, Format Version 12.00
# Visual Studio Version 17
VisualStudioVersion = 17.10.35013.160
MinimumVisualStudioVersion = 10.0.40219.1
Project("{FAE04EC0-301F-11D3-BF4B-00C04F79EFBC}") = "ForexGUI", "ForexGUI.csproj", "{1FEAE6E5-E2F0-4D6F-B305-A520A3A5929D}"
EndProject
Global
	GlobalSection(SolutionConfigurationPlatforms) = preSolution
		Debug|Any CPU = Debug|Any CPU
		Release|Any CPU = Release|Any CPU
	EndGlobalSection
	GlobalSection(ProjectConfigurationPlatforms) = postSolution
		{1FEAE6E5-E2F0-4D6F-B305-A520A3A5929D}.Debug|Any CPU.ActiveCfg = Debug|Any CPU
		{1FEAE6E5-E2F0-4D6F-B305-A520A3A5929D}.Debug|Any CPU.Build.0 = Debug|Any CPU
		{1FEAE6E5-E2F0-4D6F-B305-A520A3A5929D}.Release|Any CPU.ActiveCfg = Release|Any CPU
		{1FEAE6E5-E2F0-4D6F-B305-A520A3A5929D}.Release|Any CPU.Build.0 = Release|Any CPU
	EndGlobalSection
	GlobalSection(SolutionProperties) = preSolution
		HideSolutionNode = FALSE
	EndGlobalSection
	GlobalSection(ExtensibilityGlobals) = postSolution
		SolutionGuid = {C2241F23-B897-42EC-A889-1D8C59A6225E}
	EndGlobalSection
EndGlobal
